
Microsoft Visual Studio Solution File, Format Version 12.00
# Visual Studio Version 16
VisualStudioVersion = 16.0.32228.343
MinimumVisualStudioVersion = 10.0.40219.1
Project("{9A19103F-16F7-4668-BE54-9A1E7A4F7556}") = "RebelTours.Domain", "RebelTours.Domain\RebelTours.Domain.csproj", "{EC19C589-5B58-4E98-8959-D147847F5414}"
EndProject
Project("{9A19103F-16F7-4668-BE54-9A1E7A4F7556}") = "RebelTours.Management.DataAccess", "RebelTours.Management.DataAccess\RebelTours.Management.DataAccess.csproj", "{230DA64A-8A2C-4735-B9CC-DAFF490F06A3}"
EndProject
Project("{9A19103F-16F7-4668-BE54-9A1E7A4F7556}") = "RebelTours.Persistence", "RebelTours.Persistence\RebelTours.Persistence.csproj", "{A98AD6E7-0322-4210-B157-C952EB977DC0}"
EndProject
Project("{9A19103F-16F7-4668-BE54-9A1E7A4F7556}") = "RebelTours.Management.Application", "RebelTours.Management.Application\RebelTours.Management.Application.csproj", "{B532D342-1A43-45B8-8AFD-8BE31B1A59E2}"
EndProject
Project("{9A19103F-16F7-4668-BE54-9A1E7A4F7556}") = "RebelTours.Management.Presentation", "RebelTours.Management.Presentation\RebelTours.Management.Presentation.csproj", "{F4862E99-3261-4171-BF75-C64289284E0C}"
EndProject
Project("{9A19103F-16F7-4668-BE54-9A1E7A4F7556}") = "RebelTours", "RebelTours\RebelTours.csproj", "{D8802B48-9637-400E-8457-D55FC6ABD13A}"
EndProject
Project("{2150E333-8FDC-42A3-9474-1A3956D46DE8}") = "01 Database", "01 Database", "{9CADC768-5087-4DD3-81D1-65117ECD00C5}"
EndProject
Project("{2150E333-8FDC-42A3-9474-1A3956D46DE8}") = "02 Application", "02 Application", "{A761E1C2-E810-4704-84DD-D3F15026F4EC}"
EndProject
Project("{2150E333-8FDC-42A3-9474-1A3956D46DE8}") = "00 Core", "00 Core", "{7D6B666C-EB74-4CAC-B557-92F04C27B930}"
EndProject
Global
	GlobalSection(SolutionConfigurationPlatforms) = preSolution
		Debug|Any CPU = Debug|Any CPU
		Release|Any CPU = Release|Any CPU
	EndGlobalSection
	GlobalSection(ProjectConfigurationPlatforms) = postSolution
		{EC19C589-5B58-4E98-8959-D147847F5414}.Debug|Any CPU.ActiveCfg = Debug|Any CPU
		{EC19C589-5B58-4E98-8959-D147847F5414}.Debug|Any CPU.Build.0 = Debug|Any CPU
		{EC19C589-5B58-4E98-8959-D147847F5414}.Release|Any CPU.ActiveCfg = Release|Any CPU
		{EC19C589-5B58-4E98-8959-D147847F5414}.Release|Any CPU.Build.0 = Release|Any CPU
		{230DA64A-8A2C-4735-B9CC-DAFF490F06A3}.Debug|Any CPU.ActiveCfg = Debug|Any CPU
		{230DA64A-8A2C-4735-B9CC-DAFF490F06A3}.Debug|Any CPU.Build.0 = Debug|Any CPU
		{230DA64A-8A2C-4735-B9CC-DAFF490F06A3}.Release|Any CPU.ActiveCfg = Release|Any CPU
		{230DA64A-8A2C-4735-B9CC-DAFF490F06A3}.Release|Any CPU.Build.0 = Release|Any CPU
		{A98AD6E7-0322-4210-B157-C952EB977DC0}.Debug|Any CPU.ActiveCfg = Debug|Any CPU
		{A98AD6E7-0322-4210-B157-C952EB977DC0}.Debug|Any CPU.Build.0 = Debug|Any CPU
		{A98AD6E7-0322-4210-B157-C952EB977DC0}.Release|Any CPU.ActiveCfg = Release|Any CPU
		{A98AD6E7-0322-4210-B157-C952EB977DC0}.Release|Any CPU.Build.0 = Release|Any CPU
		{B532D342-1A43-45B8-8AFD-8BE31B1A59E2}.Debug|Any CPU.ActiveCfg = Debug|Any CPU
		{B532D342-1A43-45B8-8AFD-8BE31B1A59E2}.Debug|Any CPU.Build.0 = Debug|Any CPU
		{B532D342-1A43-45B8-8AFD-8BE31B1A59E2}.Release|Any CPU.ActiveCfg = Release|Any CPU
		{B532D342-1A43-45B8-8AFD-8BE31B1A59E2}.Release|Any CPU.Build.0 = Release|Any CPU
		{F4862E99-3261-4171-BF75-C64289284E0C}.Debug|Any CPU.ActiveCfg = Debug|Any CPU
		{F4862E99-3261-4171-BF75-C64289284E0C}.Debug|Any CPU.Build.0 = Debug|Any CPU
		{F4862E99-3261-4171-BF75-C64289284E0C}.Release|Any CPU.ActiveCfg = Release|Any CPU
		{F4862E99-3261-4171-BF75-C64289284E0C}.Release|Any CPU.Build.0 = Release|Any CPU
		{D8802B48-9637-400E-8457-D55FC6ABD13A}.Debug|Any CPU.ActiveCfg = Debug|Any CPU
		{D8802B48-9637-400E-8457-D55FC6ABD13A}.Debug|Any CPU.Build.0 = Debug|Any CPU
		{D8802B48-9637-400E-8457-D55FC6ABD13A}.Release|Any CPU.ActiveCfg = Release|Any CPU
		{D8802B48-9637-400E-8457-D55FC6ABD13A}.Release|Any CPU.Build.0 = Release|Any CPU
	EndGlobalSection
	GlobalSection(SolutionProperties) = preSolution
		HideSolutionNode = FALSE
	EndGlobalSection
	GlobalSection(NestedProjects) = preSolution
		{EC19C589-5B58-4E98-8959-D147847F5414} = {7D6B666C-EB74-4CAC-B557-92F04C27B930}
		{230DA64A-8A2C-4735-B9CC-DAFF490F06A3} = {9CADC768-5087-4DD3-81D1-65117ECD00C5}
		{A98AD6E7-0322-4210-B157-C952EB977DC0} = {9CADC768-5087-4DD3-81D1-65117ECD00C5}
		{B532D342-1A43-45B8-8AFD-8BE31B1A59E2} = {A761E1C2-E810-4704-84DD-D3F15026F4EC}
		{D8802B48-9637-400E-8457-D55FC6ABD13A} = {7D6B666C-EB74-4CAC-B557-92F04C27B930}
	EndGlobalSection
	GlobalSection(ExtensibilityGlobals) = postSolution
		SolutionGuid = {9C6DEDAF-3004-4273-9922-5B240D160CA4}
	EndGlobalSection
EndGlobal
